
Microsoft Visual Studio Solution File, Format Version 12.00
# Visual Studio Version 17
VisualStudioVersion = 17.10.35013.160
MinimumVisualStudioVersion = 10.0.40219.1
Project("{FAE04EC0-301F-11D3-BF4B-00C04F79EFBC}") = "LocalRag", "LocalRag\LocalRag.csproj", "{FA481C1F-F82F-4112-8F78-08E2D67164A0}"
EndProject
Global
	GlobalSection(SolutionConfigurationPlatforms) = preSolution
		Debug|Any CPU = Debug|Any CPU
		Release|Any CPU = Release|Any CPU
	EndGlobalSection
	GlobalSection(ProjectConfigurationPlatforms) = postSolution
		{FA481C1F-F82F-4112-8F78-08E2D67164A0}.Debug|Any CPU.ActiveCfg = Debug|Any CPU
		{FA481C1F-F82F-4112-8F78-08E2D67164A0}.Debug|Any CPU.Build.0 = Debug|Any CPU
		{FA481C1F-F82F-4112-8F78-08E2D67164A0}.Release|Any CPU.ActiveCfg = Release|Any CPU
		{FA481C1F-F82F-4112-8F78-08E2D67164A0}.Release|Any CPU.Build.0 = Release|Any CPU
	EndGlobalSection
	GlobalSection(SolutionProperties) = preSolution
		HideSolutionNode = FALSE
	EndGlobalSection
	GlobalSection(ExtensibilityGlobals) = postSolution
		SolutionGuid = {20F3CEDC-A7F7-43DF-9C6E-6E9CDF547C20}
	EndGlobalSection
EndGlobal
